Microsoft Visual Studio Solution File, Format Version 11.00
# Visual Studio 2010
Project("{FAE04EC0-301F-11D3-BF4B-00C04F79EFBC}") = "UPNPAV_DeviceRendererStack", "UPNPAV_DeviceRendererStack.csproj", "{76F0E0BA-056E-4B30-B09E-F7887BA53B7D}"
EndProject
Project("{FAE04EC0-301F-11D3-BF4B-00C04F79EFBC}") = "UPNPAV", "..\UPNP_AV\UPNPAV.csproj", "{B2439738-5F46-4E59-95A1-92C3DF38696F}"
EndProject
Project("{FAE04EC0-301F-11D3-BF4B-00C04F79EFBC}") = "UPnP", "..\UPnP\UPnP.csproj", "{584ED187-8F2A-4B58-A266-85F3F212B092}"
EndProject
Global
	GlobalSection(SolutionConfigurationPlatforms) = preSolution
		Debug|Any CPU = Debug|Any CPU
		Release|Any CPU = Release|Any CPU
	EndGlobalSection
	GlobalSection(ProjectConfigurationPlatforms) = postSolution
		{76F0E0BA-056E-4B30-B09E-F7887BA53B7D}.Debug|Any CPU.ActiveCfg = Debug|Any CPU
		{76F0E0BA-056E-4B30-B09E-F7887BA53B7D}.Debug|Any CPU.Build.0 = Debug|Any CPU
		{76F0E0BA-056E-4B30-B09E-F7887BA53B7D}.Release|Any CPU.ActiveCfg = Release|Any CPU
		{76F0E0BA-056E-4B30-B09E-F7887BA53B7D}.Release|Any CPU.Build.0 = Release|Any CPU
		{B2439738-5F46-4E59-95A1-92C3DF38696F}.Debug|Any CPU.ActiveCfg = Debug|Any CPU
		{B2439738-5F46-4E59-95A1-92C3DF38696F}.Release|Any CPU.ActiveCfg = Release|Any CPU
		{584ED187-8F2A-4B58-A266-85F3F212B092}.Debug|Any CPU.ActiveCfg = Debug|Any CPU
		{584ED187-8F2A-4B58-A266-85F3F212B092}.Release|Any CPU.ActiveCfg = Release|Any CPU
	EndGlobalSection
	GlobalSection(SolutionProperties) = preSolution
		HideSolutionNode = FALSE
	EndGlobalSection
EndGlobal
