<?xml version="1.0" encoding="utf-8"?>
<Project ToolsVersion="4.0" xmlns="http://schemas.microsoft.com/developer/msbuild/2003">
  <ItemGroup>
    <Filter Include="Source Files">
      <UniqueIdentifier>{a7e8fd1b-cc22-4728-8094-68d454af677e}</UniqueIdentifier>
      <Extensions>cpp;c;cxx;def;odl;idl;hpj;bat;asm</Extensions>
    </Filter>
    <Filter Include="Header Files">
      <UniqueIdentifier>{7c5846c7-890a-47f2-85f9-ca0fb78b1efc}</UniqueIdentifier>
      <Extensions>h;hpp;hxx;hm;inl;inc</Extensions>
    </Filter>
    <Filter Include="Resource Files">
      <UniqueIdentifier>{0719f94a-4ee8-4a4d-bbff-ae64bfaa7391}</UniqueIdentifier>
      <Extensions>rc;ico;cur;bmp;dlg;rc2;rct;bin;rgs;gif;jpg;jpeg;jpe</Extensions>
    </Filter>
  </ItemGroup>
  <ItemGroup>
    <ClCompile Include="CPControlPoint.c">
      <Filter>Source Files</Filter>
    </ClCompile>
    <ClCompile Include="DPServerInfo.cpp">
      <Filter>Source Files</Filter>
    </ClCompile>
    <ClCompile Include="DPTest.cpp">
      <Filter>Source Files</Filter>
    </ClCompile>
    <ClCompile Include="DVMicroStack.c">
      <Filter>Source Files</Filter>
    </ClCompile>
    <ClCompile Include="ILibAsyncServerSocket.c">
      <Filter>Source Files</Filter>
    </ClCompile>
    <ClCompile Include="ILibAsyncSocket.c">
      <Filter>Source Files</Filter>
    </ClCompile>
    <ClCompile Include="ILibAsyncUDPSocket.c">
      <Filter>Source Files</Filter>
    </ClCompile>
    <ClCompile Include="ILibParsers.c">
      <Filter>Source Files</Filter>
    </ClCompile>
    <ClCompile Include="ILibSSDPClient.c">
      <Filter>Source Files</Filter>
    </ClCompile>
    <ClCompile Include="ILibWebClient.c">
      <Filter>Source Files</Filter>
    </ClCompile>
    <ClCompile Include="ILibWebServer.c">
      <Filter>Source Files</Filter>
    </ClCompile>
    <ClCompile Include="Main.cpp">
      <Filter>Source Files</Filter>
    </ClCompile>
    <ClCompile Include="Portability.c">
      <Filter>Source Files</Filter>
    </ClCompile>
    <ClCompile Include="ProtoUtils.cpp">
      <Filter>Source Files</Filter>
    </ClCompile>
    <ClCompile Include="RegProtocol.cpp">
      <Filter>Source Files</Filter>
    </ClCompile>
    <ClCompile Include="RegProtoMsgs.cpp">
      <Filter>Source Files</Filter>
    </ClCompile>
    <ClCompile Include="RegProtoTlv.cpp">
      <Filter>Source Files</Filter>
    </ClCompile>
    <ClCompile Include="slist.c">
      <Filter>Source Files</Filter>
    </ClCompile>
    <ClCompile Include="stdafx.cpp">
      <Filter>Source Files</Filter>
    </ClCompile>
    <ClCompile Include="tutrace.cpp">
      <Filter>Source Files</Filter>
    </ClCompile>
    <ClCompile Include="utils.c">
      <Filter>Source Files</Filter>
    </ClCompile>
    <ClCompile Include="WPSEnrollee.cpp">
      <Filter>Source Files</Filter>
    </ClCompile>
    <ClCompile Include="WPSRegistrar.cpp">
      <Filter>Source Files</Filter>
    </ClCompile>
    <ClCompile Include="WscTlvBase.cpp">
      <Filter>Source Files</Filter>
    </ClCompile>
  </ItemGroup>
  <ItemGroup>
    <ClInclude Include="CPControlPoint.h">
      <Filter>Header Files</Filter>
    </ClInclude>
    <ClInclude Include="DataTypes.h">
      <Filter>Header Files</Filter>
    </ClInclude>
    <ClInclude Include="DPServerInfo.h">
      <Filter>Header Files</Filter>
    </ClInclude>
    <ClInclude Include="DVMicroStack.h">
      <Filter>Header Files</Filter>
    </ClInclude>
    <ClInclude Include="ILibAsyncServerSocket.h">
      <Filter>Header Files</Filter>
    </ClInclude>
    <ClInclude Include="ILibAsyncSocket.h">
      <Filter>Header Files</Filter>
    </ClInclude>
    <ClInclude Include="ILibAsyncUDPSocket.h">
      <Filter>Header Files</Filter>
    </ClInclude>
    <ClInclude Include="ILibParsers.h">
      <Filter>Header Files</Filter>
    </ClInclude>
    <ClInclude Include="ILibSSDPClient.h">
      <Filter>Header Files</Filter>
    </ClInclude>
    <ClInclude Include="ILibWebClient.h">
      <Filter>Header Files</Filter>
    </ClInclude>
    <ClInclude Include="ILibWebServer.h">
      <Filter>Header Files</Filter>
    </ClInclude>
    <ClInclude Include="Portability.h">
      <Filter>Header Files</Filter>
    </ClInclude>
    <ClInclude Include="RegProtocol.h">
      <Filter>Header Files</Filter>
    </ClInclude>
    <ClInclude Include="regprotomsgs.h">
      <Filter>Header Files</Filter>
    </ClInclude>
    <ClInclude Include="RegProtoTlv.h">
      <Filter>Header Files</Filter>
    </ClInclude>
    <ClInclude Include="slist.h">
      <Filter>Header Files</Filter>
    </ClInclude>
    <ClInclude Include="StateMachineInfo.h">
      <Filter>Header Files</Filter>
    </ClInclude>
    <ClInclude Include="stdafx.h">
      <Filter>Header Files</Filter>
    </ClInclude>
    <ClInclude Include="tutrace.h">
      <Filter>Header Files</Filter>
    </ClInclude>
    <ClInclude Include="UPnPControlPointStructs.h">
      <Filter>Header Files</Filter>
    </ClInclude>
    <ClInclude Include="utils.h">
      <Filter>Header Files</Filter>
    </ClInclude>
    <ClInclude Include="wpsenrollee.h">
      <Filter>Header Files</Filter>
    </ClInclude>
    <ClInclude Include="wpsregistrar.h">
      <Filter>Header Files</Filter>
    </ClInclude>
    <ClInclude Include="WscCommon.h">
      <Filter>Header Files</Filter>
    </ClInclude>
    <ClInclude Include="WscError.h">
      <Filter>Header Files</Filter>
    </ClInclude>
    <ClInclude Include="WscHeaders.h">
      <Filter>Header Files</Filter>
    </ClInclude>
    <ClInclude Include="WscTlvBase.h">
      <Filter>Header Files</Filter>
    </ClInclude>
    <ClInclude Include="WscTypes.h">
      <Filter>Header Files</Filter>
    </ClInclude>
  </ItemGroup>
</Project>