<?xml version="1.0" encoding="utf-8"?>
<Project ToolsVersion="4.0" xmlns="http://schemas.microsoft.com/developer/msbuild/2003">
  <ItemGroup>
    <Filter Include="Source Files">
      <UniqueIdentifier>{ff06ad4c-f9a3-4e7d-8723-bb72f1d04ba4}</UniqueIdentifier>
      <Extensions>cpp;c;cxx;def;odl;idl;hpj;bat;asm</Extensions>
    </Filter>
    <Filter Include="Header Files">
      <UniqueIdentifier>{38e83696-78e6-4cdd-8ae3-3953317d25ae}</UniqueIdentifier>
      <Extensions>h;hpp;hxx;hm;inl;inc</Extensions>
    </Filter>
    <Filter Include="Resource Files">
      <UniqueIdentifier>{ff77448f-1fa3-4dbb-b565-02d9e96f2638}</UniqueIdentifier>
      <Extensions>rc;ico;cur;bmp;dlg;rc2;rct;bin;rgs;gif;jpg;jpeg;jpe</Extensions>
    </Filter>
  </ItemGroup>
  <ItemGroup>
    <ClCompile Include="ILibParsers.c">
      <Filter>Source Files</Filter>
    </ClCompile>
    <ClCompile Include="Main.c">
      <Filter>Source Files</Filter>
    </ClCompile>
    <ClCompile Include="stdafx.cpp">
      <Filter>Source Files</Filter>
    </ClCompile>
  </ItemGroup>
  <ItemGroup>
    <ClInclude Include="ILibAsyncServerSocket.h">
      <Filter>Header Files</Filter>
    </ClInclude>
    <ClInclude Include="ILibAsyncSocket.h">
      <Filter>Header Files</Filter>
    </ClInclude>
    <ClInclude Include="ILibParsers.h">
      <Filter>Header Files</Filter>
    </ClInclude>
    <ClInclude Include="ILibWebClient.h">
      <Filter>Header Files</Filter>
    </ClInclude>
    <ClInclude Include="ILibWebServer.h">
      <Filter>Header Files</Filter>
    </ClInclude>
    <ClInclude Include="stdafx.h">
      <Filter>Header Files</Filter>
    </ClInclude>
    <ClInclude Include="UPnPMicroStack.h">
      <Filter>Header Files</Filter>
    </ClInclude>
  </ItemGroup>
</Project>