
Microsoft Visual Studio Solution File, Format Version 11.00
# Visual Studio 2010
Project("{FAE04EC0-301F-11D3-BF4B-00C04F79EFBC}") = "AVMediaWizard", "AVMediaWizard.csproj", "{9F3083C8-EB22-4DD9-A82B-BF0EF223F426}"
EndProject
Project("{FAE04EC0-301F-11D3-BF4B-00C04F79EFBC}") = "Metadata", "..\..\Global\MetaData\Metadata.csproj", "{540366D1-629D-4DBA-9442-BB839E102D4E}"
EndProject
Project("{FAE04EC0-301F-11D3-BF4B-00C04F79EFBC}") = "UPnP", "..\..\Global\UPnP\UPnP.csproj", "{584ED187-8F2A-4B58-A266-85F3F212B092}"
EndProject
Project("{FAE04EC0-301F-11D3-BF4B-00C04F79EFBC}") = "UPnPAV", "..\..\Global\UPNP_AV\UPnPAV.csproj", "{B2439738-5F46-4E59-95A1-92C3DF38696F}"
EndProject
Project("{FAE04EC0-301F-11D3-BF4B-00C04F79EFBC}") = "UPnPAV_RendererStack", "..\..\Global\UPNPAV_RendererStack\UPnPAV_RendererStack.csproj", "{E01B6019-ACC6-40A6-A511-48D285D51C40}"
EndProject
Project("{FAE04EC0-301F-11D3-BF4B-00C04F79EFBC}") = "UPnPAVCDSML", "..\..\Global\UPNPAVCDSML\UPnPAVCDSML.csproj", "{8EA0E595-45EC-40C1-82CE-269F4FA9EBB3}"
EndProject
Project("{FAE04EC0-301F-11D3-BF4B-00C04F79EFBC}") = "UPnPAVMSCP", "..\..\Global\UPNPAVMSCP\UPnPAVMSCP.csproj", "{8901DF28-45ED-4BC5-8972-AE463A68E756}"
EndProject
Global
	GlobalSection(SolutionConfigurationPlatforms) = preSolution
		Debug|Any CPU = Debug|Any CPU
		Release|Any CPU = Release|Any CPU
	EndGlobalSection
	GlobalSection(ProjectConfigurationPlatforms) = postSolution
		{9F3083C8-EB22-4DD9-A82B-BF0EF223F426}.Debug|Any CPU.ActiveCfg = Debug|Any CPU
		{9F3083C8-EB22-4DD9-A82B-BF0EF223F426}.Debug|Any CPU.Build.0 = Debug|Any CPU
		{9F3083C8-EB22-4DD9-A82B-BF0EF223F426}.Release|Any CPU.ActiveCfg = Release|Any CPU
		{9F3083C8-EB22-4DD9-A82B-BF0EF223F426}.Release|Any CPU.Build.0 = Release|Any CPU
		{540366D1-629D-4DBA-9442-BB839E102D4E}.Debug|Any CPU.ActiveCfg = Debug|Any CPU
		{540366D1-629D-4DBA-9442-BB839E102D4E}.Debug|Any CPU.Build.0 = Debug|Any CPU
		{540366D1-629D-4DBA-9442-BB839E102D4E}.Release|Any CPU.ActiveCfg = Release|Any CPU
		{540366D1-629D-4DBA-9442-BB839E102D4E}.Release|Any CPU.Build.0 = Release|Any CPU
		{584ED187-8F2A-4B58-A266-85F3F212B092}.Debug|Any CPU.ActiveCfg = Debug|Any CPU
		{584ED187-8F2A-4B58-A266-85F3F212B092}.Debug|Any CPU.Build.0 = Debug|Any CPU
		{584ED187-8F2A-4B58-A266-85F3F212B092}.Release|Any CPU.ActiveCfg = Release|Any CPU
		{584ED187-8F2A-4B58-A266-85F3F212B092}.Release|Any CPU.Build.0 = Release|Any CPU
		{B2439738-5F46-4E59-95A1-92C3DF38696F}.Debug|Any CPU.ActiveCfg = Debug|Any CPU
		{B2439738-5F46-4E59-95A1-92C3DF38696F}.Debug|Any CPU.Build.0 = Debug|Any CPU
		{B2439738-5F46-4E59-95A1-92C3DF38696F}.Release|Any CPU.ActiveCfg = Release|Any CPU
		{B2439738-5F46-4E59-95A1-92C3DF38696F}.Release|Any CPU.Build.0 = Release|Any CPU
		{E01B6019-ACC6-40A6-A511-48D285D51C40}.Debug|Any CPU.ActiveCfg = Debug|Any CPU
		{E01B6019-ACC6-40A6-A511-48D285D51C40}.Debug|Any CPU.Build.0 = Debug|Any CPU
		{E01B6019-ACC6-40A6-A511-48D285D51C40}.Release|Any CPU.ActiveCfg = Release|Any CPU
		{E01B6019-ACC6-40A6-A511-48D285D51C40}.Release|Any CPU.Build.0 = Release|Any CPU
		{8EA0E595-45EC-40C1-82CE-269F4FA9EBB3}.Debug|Any CPU.ActiveCfg = Debug|Any CPU
		{8EA0E595-45EC-40C1-82CE-269F4FA9EBB3}.Debug|Any CPU.Build.0 = Debug|Any CPU
		{8EA0E595-45EC-40C1-82CE-269F4FA9EBB3}.Release|Any CPU.ActiveCfg = Release|Any CPU
		{8EA0E595-45EC-40C1-82CE-269F4FA9EBB3}.Release|Any CPU.Build.0 = Release|Any CPU
		{8901DF28-45ED-4BC5-8972-AE463A68E756}.Debug|Any CPU.ActiveCfg = Debug|Any CPU
		{8901DF28-45ED-4BC5-8972-AE463A68E756}.Debug|Any CPU.Build.0 = Debug|Any CPU
		{8901DF28-45ED-4BC5-8972-AE463A68E756}.Release|Any CPU.ActiveCfg = Release|Any CPU
		{8901DF28-45ED-4BC5-8972-AE463A68E756}.Release|Any CPU.Build.0 = Release|Any CPU
	EndGlobalSection
	GlobalSection(SolutionProperties) = preSolution
		HideSolutionNode = FALSE
	EndGlobalSection
EndGlobal
