Microsoft Visual Studio Solution File, Format Version 10.00
# Visual Studio 2008
Project("{FAE04EC0-301F-11D3-BF4B-00C04F79EFBC}") = "UPnP", "..\..\Global\UPnP\UPnP.csproj", "{584ED187-8F2A-4B58-A266-85F3F212B092}"
EndProject
Project("{FAE04EC0-301F-11D3-BF4B-00C04F79EFBC}") = "DeviceSpy", "DeviceSpy.csproj", "{51FB26BC-2C0F-44D7-9082-E1BFD3BE73A4}"
EndProject
Global
	GlobalSection(SolutionConfigurationPlatforms) = preSolution
		Debug|x86 = Debug|x86
		Release|x86 = Release|x86
	EndGlobalSection
	GlobalSection(ProjectConfigurationPlatforms) = postSolution
		{584ED187-8F2A-4B58-A266-85F3F212B092}.Debug|x86.ActiveCfg = Debug|x86
		{584ED187-8F2A-4B58-A266-85F3F212B092}.Debug|x86.Build.0 = Debug|x86
		{584ED187-8F2A-4B58-A266-85F3F212B092}.Release|x86.ActiveCfg = Release|x86
		{584ED187-8F2A-4B58-A266-85F3F212B092}.Release|x86.Build.0 = Release|x86
		{51FB26BC-2C0F-44D7-9082-E1BFD3BE73A4}.Debug|x86.ActiveCfg = Debug|x86
		{51FB26BC-2C0F-44D7-9082-E1BFD3BE73A4}.Debug|x86.Build.0 = Debug|x86
		{51FB26BC-2C0F-44D7-9082-E1BFD3BE73A4}.Release|x86.ActiveCfg = Release|x86
		{51FB26BC-2C0F-44D7-9082-E1BFD3BE73A4}.Release|x86.Build.0 = Release|x86
	EndGlobalSection
	GlobalSection(SolutionProperties) = preSolution
		HideSolutionNode = FALSE
	EndGlobalSection
EndGlobal
